// !$*UTF8*$!
{
	archiveVersion = 1;
	classes = {
	};
	objectVersion = 51;
	objects = {

/* Begin PBXBuildFile section */
		0AAB304567FAD5CB798DB3F5 /* Pods_CoCoDesignTests.framework in Frameworks */ = {isa = PBXBuildFile; fileRef = 2A5F878EFFAF8AF6C27063DF /* Pods_CoCoDesignTests.framework */; };
		180086ED25C95F17004718B7 /* LinkedView.swift in Sources */ = {isa = PBXBuildFile; fileRef = 180086EC25C95F17004718B7 /* LinkedView.swift */; };
		1820D8D425C9048E0029AD4C /* Place.swift in Sources */ = {isa = PBXBuildFile; fileRef = 1820D8D325C9048E0029AD4C /* Place.swift */; };
		1820D8DD25C90C480029AD4C /* Color.swift in Sources */ = {isa = PBXBuildFile; fileRef = 1820D8DC25C90C480029AD4C /* Color.swift */; };
		1820D8E525C927FD0029AD4C /* EmojiFlag.swift in Sources */ = {isa = PBXBuildFile; fileRef = 1820D8E425C927FD0029AD4C /* EmojiFlag.swift */; };
		1820D8EC25C932A60029AD4C /* VerifiCodeView.swift in Sources */ = {isa = PBXBuildFile; fileRef = 1820D8EB25C932A60029AD4C /* VerifiCodeView.swift */; };
		1820D8FE25C946380029AD4C /* Scale.swift in Sources */ = {isa = PBXBuildFile; fileRef = 1820D8FD25C946380029AD4C /* Scale.swift */; };
		18294F8225E4A25700C44D81 /* GoogleService-Info.plist in Resources */ = {isa = PBXBuildFile; fileRef = 18294F8125E4A25700C44D81 /* GoogleService-Info.plist */; };
		18294F9725E4FEE800C44D81 /* PhoneInputViewModel.swift in Sources */ = {isa = PBXBuildFile; fileRef = 18294F9625E4FEE800C44D81 /* PhoneInputViewModel.swift */; };
		18294F9F25E5E05700C44D81 /* VerifiCodeViewModel.swift in Sources */ = {isa = PBXBuildFile; fileRef = 18294F9E25E5E05700C44D81 /* VerifiCodeViewModel.swift */; };
		18294FAB25E60FAF00C44D81 /* APISession.swift in Sources */ = {isa = PBXBuildFile; fileRef = 18294FAA25E60FAF00C44D81 /* APISession.swift */; };
		18294FB025E6100400C44D81 /* RequestBuilder.swift in Sources */ = {isa = PBXBuildFile; fileRef = 18294FAF25E6100400C44D81 /* RequestBuilder.swift */; };
		18294FB525E6122B00C44D81 /* URLRequest.swift in Sources */ = {isa = PBXBuildFile; fileRef = 18294FB425E6122B00C44D81 /* URLRequest.swift */; };
		18294FBA25E6266600C44D81 /* URLSession.swift in Sources */ = {isa = PBXBuildFile; fileRef = 18294FB925E6266600C44D81 /* URLSession.swift */; };
		18294FBF25E6269100C44D81 /* URL.swift in Sources */ = {isa = PBXBuildFile; fileRef = 18294FBE25E6269100C44D81 /* URL.swift */; };
		18294FC425E626E400C44D81 /* NSObject.swift in Sources */ = {isa = PBXBuildFile; fileRef = 18294FC325E626E400C44D81 /* NSObject.swift */; };
		18294FC925E6270700C44D81 /* NSCoder.swift in Sources */ = {isa = PBXBuildFile; fileRef = 18294FC825E6270700C44D81 /* NSCoder.swift */; };
		18294FCE25E6273300C44D81 /* JSONDecoder.swift in Sources */ = {isa = PBXBuildFile; fileRef = 18294FCD25E6273300C44D81 /* JSONDecoder.swift */; };
		18294FD325E6278800C44D81 /* HTTPURLResponse.swift in Sources */ = {isa = PBXBuildFile; fileRef = 18294FD225E6278800C44D81 /* HTTPURLResponse.swift */; };
		18294FD825E627AB00C44D81 /* Data.swift in Sources */ = {isa = PBXBuildFile; fileRef = 18294FD725E627AB00C44D81 /* Data.swift */; };
		18294FE025E62BF300C44D81 /* UserDefaults.swift in Sources */ = {isa = PBXBuildFile; fileRef = 18294FDF25E62BF300C44D81 /* UserDefaults.swift */; };
		18294FE625E62FA400C44D81 /* APIPart.swift in Sources */ = {isa = PBXBuildFile; fileRef = 18294FE525E62FA400C44D81 /* APIPart.swift */; };
		1852961C25DA52D30011B60E /* OTPUIView.swift in Sources */ = {isa = PBXBuildFile; fileRef = 1852961B25DA52D30011B60E /* OTPUIView.swift */; };
		1852962125DA530D0011B60E /* OTPUIView.xib in Resources */ = {isa = PBXBuildFile; fileRef = 1852962025DA530D0011B60E /* OTPUIView.xib */; };
		185296A325DF5F970011B60E /* ServiceError.swift in Sources */ = {isa = PBXBuildFile; fileRef = 1852968725DF5F970011B60E /* ServiceError.swift */; };
		185296F925DFA0930011B60E /* String.swift in Sources */ = {isa = PBXBuildFile; fileRef = 185296EF25DFA0920011B60E /* String.swift */; };
		185296FA25DFA0930011B60E /* Int.swift in Sources */ = {isa = PBXBuildFile; fileRef = 185296F025DFA0930011B60E /* Int.swift */; };
		185296FB25DFA0930011B60E /* Floating.swift in Sources */ = {isa = PBXBuildFile; fileRef = 185296F125DFA0930011B60E /* Floating.swift */; };
		185296FC25DFA0930011B60E /* Dictionary.swift in Sources */ = {isa = PBXBuildFile; fileRef = 185296F225DFA0930011B60E /* Dictionary.swift */; };
		185296FD25DFA0930011B60E /* Array.swift in Sources */ = {isa = PBXBuildFile; fileRef = 185296F325DFA0930011B60E /* Array.swift */; };
		185296FE25DFA0930011B60E /* Date.swift in Sources */ = {isa = PBXBuildFile; fileRef = 185296F425DFA0930011B60E /* Date.swift */; };
		185296FF25DFA0930011B60E /* Regex.swift in Sources */ = {isa = PBXBuildFile; fileRef = 185296F525DFA0930011B60E /* Regex.swift */; };
		1852970025DFA0930011B60E /* UIColor.swift in Sources */ = {isa = PBXBuildFile; fileRef = 185296F625DFA0930011B60E /* UIColor.swift */; };
		1852970125DFA0930011B60E /* Timer.swift in Sources */ = {isa = PBXBuildFile; fileRef = 185296F725DFA0930011B60E /* Timer.swift */; };
		1852974E25DFB55F0011B60E /* Token.swift in Sources */ = {isa = PBXBuildFile; fileRef = 1852974D25DFB55F0011B60E /* Token.swift */; };
		1852977B25E35C9A0011B60E /* Localizable.strings in Resources */ = {isa = PBXBuildFile; fileRef = 1852977D25E35C9A0011B60E /* Localizable.strings */; };
		1852979025E369BF0011B60E /* Inter-VariableFont_slnt,wght.ttf in Resources */ = {isa = PBXBuildFile; fileRef = 1852978F25E369BE0011B60E /* Inter-VariableFont_slnt,wght.ttf */; };
		1852979D25E36A060011B60E /* Inter-ExtraLight.ttf in Resources */ = {isa = PBXBuildFile; fileRef = 1852979425E36A010011B60E /* Inter-ExtraLight.ttf */; };
		1852979E25E36A060011B60E /* Inter-Medium.ttf in Resources */ = {isa = PBXBuildFile; fileRef = 1852979525E36A010011B60E /* Inter-Medium.ttf */; };
		1852979F25E36A060011B60E /* Inter-SemiBold.ttf in Resources */ = {isa = PBXBuildFile; fileRef = 1852979625E36A020011B60E /* Inter-SemiBold.ttf */; };
		185297A025E36A060011B60E /* Inter-ExtraBold.ttf in Resources */ = {isa = PBXBuildFile; fileRef = 1852979725E36A030011B60E /* Inter-ExtraBold.ttf */; };
		185297A125E36A060011B60E /* Inter-Thin.ttf in Resources */ = {isa = PBXBuildFile; fileRef = 1852979825E36A030011B60E /* Inter-Thin.ttf */; };
		185297A225E36A060011B60E /* Inter-Black.ttf in Resources */ = {isa = PBXBuildFile; fileRef = 1852979925E36A040011B60E /* Inter-Black.ttf */; };
		185297A325E36A060011B60E /* Inter-Bold.ttf in Resources */ = {isa = PBXBuildFile; fileRef = 1852979A25E36A040011B60E /* Inter-Bold.ttf */; };
		185297A425E36A060011B60E /* Inter-Light.ttf in Resources */ = {isa = PBXBuildFile; fileRef = 1852979B25E36A050011B60E /* Inter-Light.ttf */; };
		185297A525E36A060011B60E /* Inter-Regular.ttf in Resources */ = {isa = PBXBuildFile; fileRef = 1852979C25E36A060011B60E /* Inter-Regular.ttf */; };
		185297AA25E36E920011B60E /* Font.swift in Sources */ = {isa = PBXBuildFile; fileRef = 185297A925E36E920011B60E /* Font.swift */; };
		185297B525E3A4210011B60E /* Strings.swift in Sources */ = {isa = PBXBuildFile; fileRef = 185297B425E3A4210011B60E /* Strings.swift */; };
		186456DD25EDDB7A009F781B /* AppIcone.png in Resources */ = {isa = PBXBuildFile; fileRef = 186456DC25EDDB7A009F781B /* AppIcone.png */; };
		187A157525C9019700309C02 /* AppDelegate.swift in Sources */ = {isa = PBXBuildFile; fileRef = 187A157425C9019700309C02 /* AppDelegate.swift */; };
		187A157725C9019700309C02 /* SceneDelegate.swift in Sources */ = {isa = PBXBuildFile; fileRef = 187A157625C9019700309C02 /* SceneDelegate.swift */; };
		187A157925C9019700309C02 /* ContentView.swift in Sources */ = {isa = PBXBuildFile; fileRef = 187A157825C9019700309C02 /* ContentView.swift */; };
		187A157B25C9019800309C02 /* Assets.xcassets in Resources */ = {isa = PBXBuildFile; fileRef = 187A157A25C9019800309C02 /* Assets.xcassets */; };
		187A157E25C9019800309C02 /* Preview Assets.xcassets in Resources */ = {isa = PBXBuildFile; fileRef = 187A157D25C9019800309C02 /* Preview Assets.xcassets */; };
		187A158125C9019800309C02 /* LaunchScreen.storyboard in Resources */ = {isa = PBXBuildFile; fileRef = 187A157F25C9019800309C02 /* LaunchScreen.storyboard */; };
		187A158C25C9019900309C02 /* CoCoDesignTests.swift in Sources */ = {isa = PBXBuildFile; fileRef = 187A158B25C9019900309C02 /* CoCoDesignTests.swift */; };
		187A159725C9019900309C02 /* CoCoDesignUITests.swift in Sources */ = {isa = PBXBuildFile; fileRef = 187A159625C9019900309C02 /* CoCoDesignUITests.swift */; };
		187A15AD25C9033A00309C02 /* PhoneInput.swift in Sources */ = {isa = PBXBuildFile; fileRef = 187A15AC25C9033A00309C02 /* PhoneInput.swift */; };
		187A991425F8553300C22B1E /* View.swift in Sources */ = {isa = PBXBuildFile; fileRef = 187A991325F8553200C22B1E /* View.swift */; };
		187A991A25F8A88E00C22B1E /* SearchTextField.swift in Sources */ = {isa = PBXBuildFile; fileRef = 187A991925F8A88D00C22B1E /* SearchTextField.swift */; };
		187A993325F99FDF00C22B1E /* NavigationBarCustomeView.swift in Sources */ = {isa = PBXBuildFile; fileRef = 187A993225F99FDF00C22B1E /* NavigationBarCustomeView.swift */; };
		187A994E25FB09DC00C22B1E /* ShopDeltailViewModel.swift in Sources */ = {isa = PBXBuildFile; fileRef = 187A994D25FB09DB00C22B1E /* ShopDeltailViewModel.swift */; };
		18A8237825CB8036007F129F /* WebViewStateModel.swift in Sources */ = {isa = PBXBuildFile; fileRef = 18A8237725CB8036007F129F /* WebViewStateModel.swift */; };
		18A8238025CB810C007F129F /* WebView.swift in Sources */ = {isa = PBXBuildFile; fileRef = 18A8237F25CB810C007F129F /* WebView.swift */; };
		18A8238625CBA488007F129F /* PolicyObseverble.swift in Sources */ = {isa = PBXBuildFile; fileRef = 18A8238525CBA488007F129F /* PolicyObseverble.swift */; };
		18A8238E25CBE32F007F129F /* PolicyView.swift in Sources */ = {isa = PBXBuildFile; fileRef = 18A8238D25CBE32F007F129F /* PolicyView.swift */; };
		18BB021725E756BB00575B3D /* StateVerificode.swift in Sources */ = {isa = PBXBuildFile; fileRef = 18BB021625E756BA00575B3D /* StateVerificode.swift */; };
		18BB022125E7605900575B3D /* LoadingIndicatorView.swift in Sources */ = {isa = PBXBuildFile; fileRef = 18BB022025E7605900575B3D /* LoadingIndicatorView.swift */; };
		18BB024325E77D5100575B3D /* APIPhoneLogin.swift in Sources */ = {isa = PBXBuildFile; fileRef = 18BB024225E77D5100575B3D /* APIPhoneLogin.swift */; };
		18C4E19A25E8AB91004047A2 /* StateLogin.swift in Sources */ = {isa = PBXBuildFile; fileRef = 18C4E19925E8AB91004047A2 /* StateLogin.swift */; };
		18C4E1AA25E8AD7E004047A2 /* APIUpdateUserProfile.swift in Sources */ = {isa = PBXBuildFile; fileRef = 18C4E1A925E8AD7E004047A2 /* APIUpdateUserProfile.swift */; };
		18CA5BEE25E79A1100041BB6 /* RegisterProfileView.swift in Sources */ = {isa = PBXBuildFile; fileRef = 18CA5BED25E79A1100041BB6 /* RegisterProfileView.swift */; };
		18E3C13025E8F2B1004F368F /* RegisterProfileViewModel.swift in Sources */ = {isa = PBXBuildFile; fileRef = 18E3C12F25E8F2B1004F368F /* RegisterProfileViewModel.swift */; };
		18E3C13625E8FBF1004F368F /* HomeCategoriesView.swift in Sources */ = {isa = PBXBuildFile; fileRef = 18E3C13525E8FBF1004F368F /* HomeCategoriesView.swift */; };
		18E3C14325E90496004F368F /* Category.swift in Sources */ = {isa = PBXBuildFile; fileRef = 18E3C14225E90496004F368F /* Category.swift */; };
		18E3C14B25E90546004F368F /* APIRequestCategories.swift in Sources */ = {isa = PBXBuildFile; fileRef = 18E3C14A25E90546004F368F /* APIRequestCategories.swift */; };
		18E3C15325E90610004F368F /* HomeCategoriesViewModel.swift in Sources */ = {isa = PBXBuildFile; fileRef = 18E3C15225E90610004F368F /* HomeCategoriesViewModel.swift */; };
		18E3C16125EBD9D5004F368F /* ImageLoaderObservable.swift in Sources */ = {isa = PBXBuildFile; fileRef = 18E3C16025EBD9D5004F368F /* ImageLoaderObservable.swift */; };
		18E3C16625EBE476004F368F /* ImageView.swift in Sources */ = {isa = PBXBuildFile; fileRef = 18E3C16525EBE476004F368F /* ImageView.swift */; };
		18E3C19825ECBC86004F368F /* Shop.swift in Sources */ = {isa = PBXBuildFile; fileRef = 18E3C19725ECBC85004F368F /* Shop.swift */; };
		18E3C1A125ECBEDE004F368F /* APIRequestShop.swift in Sources */ = {isa = PBXBuildFile; fileRef = 18E3C1A025ECBEDE004F368F /* APIRequestShop.swift */; };
		18E3C1A925ECC088004F368F /* ListShopViewModel.swift in Sources */ = {isa = PBXBuildFile; fileRef = 18E3C1A825ECC088004F368F /* ListShopViewModel.swift */; };
		18E3C1E625ECD7B3004F368F /* ListShopView.swift in Sources */ = {isa = PBXBuildFile; fileRef = 18E3C1E525ECD7B3004F368F /* ListShopView.swift */; };
		18E3C20F25ED0941004F368F /* Binding.swift in Sources */ = {isa = PBXBuildFile; fileRef = 18E3C20E25ED0941004F368F /* Binding.swift */; };
		18E3C21525ED5529004F368F /* ShopDetailView.swift in Sources */ = {isa = PBXBuildFile; fileRef = 18E3C21425ED5528004F368F /* ShopDetailView.swift */; };
		18E3C21D25ED5640004F368F /* ShopMasterCategory.swift in Sources */ = {isa = PBXBuildFile; fileRef = 18E3C21C25ED5640004F368F /* ShopMasterCategory.swift */; };
		18EA919F25F0C1E20043CB35 /* TextFieldFormatter.swift in Sources */ = {isa = PBXBuildFile; fileRef = 18EA919E25F0C1E20043CB35 /* TextFieldFormatter.swift */; };
		237F3523574668A67A37196A /* Pods_CoCoDesign.framework in Frameworks */ = {isa = PBXBuildFile; fileRef = 3E66C49045F09C3ADFB2865F /* Pods_CoCoDesign.framework */; };
		992B605D53B4630E149EE288 /* Pods_CoCoDesign_CoCoDesignUITests.framework in Frameworks */ = {isa = PBXBuildFile; fileRef = D2B4306F57E60B4FC7CA5585 /* Pods_CoCoDesign_CoCoDesignUITests.framework */; };
/* End PBXBuildFile section */

/* Begin PBXContainerItemProxy section */
		187A158825C9019900309C02 /* PBXContainerItemProxy */ = {
			isa = PBXContainerItemProxy;
			containerPortal = 187A156925C9019700309C02 /* Project object */;
			proxyType = 1;
			remoteGlobalIDString = 187A157025C9019700309C02;
			remoteInfo = CoCoDesign;
		};
		187A159325C9019900309C02 /* PBXContainerItemProxy */ = {
			isa = PBXContainerItemProxy;
			containerPortal = 187A156925C9019700309C02 /* Project object */;
			proxyType = 1;
			remoteGlobalIDString = 187A157025C9019700309C02;
			remoteInfo = CoCoDesign;
		};
/* End PBXContainerItemProxy section */

/* Begin PBXFileReference section */
		013A7451516A2ABBC6E67D50 /* Pods-CoCoDesign-CoCoDesignUITests.debug.xcconfig */ = {isa = PBXFileReference; includeInIndex = 1; lastKnownFileType = text.xcconfig; name = "Pods-CoCoDesign-CoCoDesignUITests.debug.xcconfig"; path = "Target Support Files/Pods-CoCoDesign-CoCoDesignUITests/Pods-CoCoDesign-CoCoDesignUITests.debug.xcconfig"; sourceTree = "<group>"; };
		180086EC25C95F17004718B7 /* LinkedView.swift */ = {isa = PBXFileReference; lastKnownFileType = sourcecode.swift; path = LinkedView.swift; sourceTree = "<group>"; };
		1820D8D325C9048E0029AD4C /* Place.swift */ = {isa = PBXFileReference; lastKnownFileType = sourcecode.swift; path = Place.swift; sourceTree = "<group>"; };
		1820D8DC25C90C480029AD4C /* Color.swift */ = {isa = PBXFileReference; lastKnownFileType = sourcecode.swift; path = Color.swift; sourceTree = "<group>"; };
		1820D8E425C927FD0029AD4C /* EmojiFlag.swift */ = {isa = PBXFileReference; lastKnownFileType = sourcecode.swift; path = EmojiFlag.swift; sourceTree = "<group>"; };
		1820D8EB25C932A60029AD4C /* VerifiCodeView.swift */ = {isa = PBXFileReference; lastKnownFileType = sourcecode.swift; path = VerifiCodeView.swift; sourceTree = "<group>"; };
		1820D8FD25C946380029AD4C /* Scale.swift */ = {isa = PBXFileReference; lastKnownFileType = sourcecode.swift; path = Scale.swift; sourceTree = "<group>"; };
		18294F8125E4A25700C44D81 /* GoogleService-Info.plist */ = {isa = PBXFileReference; fileEncoding = 4; lastKnownFileType = text.plist.xml; path = "GoogleService-Info.plist"; sourceTree = "<group>"; };
		18294F9625E4FEE800C44D81 /* PhoneInputViewModel.swift */ = {isa = PBXFileReference; lastKnownFileType = sourcecode.swift; path = PhoneInputViewModel.swift; sourceTree = "<group>"; };
		18294F9E25E5E05700C44D81 /* VerifiCodeViewModel.swift */ = {isa = PBXFileReference; lastKnownFileType = sourcecode.swift; path = VerifiCodeViewModel.swift; sourceTree = "<group>"; };
		18294FAA25E60FAF00C44D81 /* APISession.swift */ = {isa = PBXFileReference; lastKnownFileType = sourcecode.swift; path = APISession.swift; sourceTree = "<group>"; };
		18294FAF25E6100400C44D81 /* RequestBuilder.swift */ = {isa = PBXFileReference; lastKnownFileType = sourcecode.swift; path = RequestBuilder.swift; sourceTree = "<group>"; };
		18294FB425E6122B00C44D81 /* URLRequest.swift */ = {isa = PBXFileReference; lastKnownFileType = sourcecode.swift; path = URLRequest.swift; sourceTree = "<group>"; };
		18294FB925E6266600C44D81 /* URLSession.swift */ = {isa = PBXFileReference; lastKnownFileType = sourcecode.swift; path = URLSession.swift; sourceTree = "<group>"; };
		18294FBE25E6269100C44D81 /* URL.swift */ = {isa = PBXFileReference; lastKnownFileType = sourcecode.swift; path = URL.swift; sourceTree = "<group>"; };
		18294FC325E626E400C44D81 /* NSObject.swift */ = {isa = PBXFileReference; lastKnownFileType = sourcecode.swift; path = NSObject.swift; sourceTree = "<group>"; };
		18294FC825E6270700C44D81 /* NSCoder.swift */ = {isa = PBXFileReference; lastKnownFileType = sourcecode.swift; path = NSCoder.swift; sourceTree = "<group>"; };
		18294FCD25E6273300C44D81 /* JSONDecoder.swift */ = {isa = PBXFileReference; lastKnownFileType = sourcecode.swift; path = JSONDecoder.swift; sourceTree = "<group>"; };
		18294FD225E6278800C44D81 /* HTTPURLResponse.swift */ = {isa = PBXFileReference; lastKnownFileType = sourcecode.swift; path = HTTPURLResponse.swift; sourceTree = "<group>"; };
		18294FD725E627AB00C44D81 /* Data.swift */ = {isa = PBXFileReference; lastKnownFileType = sourcecode.swift; path = Data.swift; sourceTree = "<group>"; };
		18294FDF25E62BF300C44D81 /* UserDefaults.swift */ = {isa = PBXFileReference; lastKnownFileType = sourcecode.swift; path = UserDefaults.swift; sourceTree = "<group>"; };
		18294FE525E62FA400C44D81 /* APIPart.swift */ = {isa = PBXFileReference; lastKnownFileType = sourcecode.swift; path = APIPart.swift; sourceTree = "<group>"; };
		1851204625D0CA7F007C9106 /* CoCoDesign.entitlements */ = {isa = PBXFileReference; lastKnownFileType = text.plist.entitlements; path = CoCoDesign.entitlements; sourceTree = "<group>"; };
		1852961B25DA52D30011B60E /* OTPUIView.swift */ = {isa = PBXFileReference; lastKnownFileType = sourcecode.swift; path = OTPUIView.swift; sourceTree = "<group>"; };
		1852962025DA530D0011B60E /* OTPUIView.xib */ = {isa = PBXFileReference; lastKnownFileType = file.xib; path = OTPUIView.xib; sourceTree = "<group>"; };
		1852968725DF5F970011B60E /* ServiceError.swift */ = {isa = PBXFileReference; fileEncoding = 4; lastKnownFileType = sourcecode.swift; path = ServiceError.swift; sourceTree = "<group>"; };
		185296EF25DFA0920011B60E /* String.swift */ = {isa = PBXFileReference; fileEncoding = 4; lastKnownFileType = sourcecode.swift; path = String.swift; sourceTree = "<group>"; };
		185296F025DFA0930011B60E /* Int.swift */ = {isa = PBXFileReference; fileEncoding = 4; lastKnownFileType = sourcecode.swift; path = Int.swift; sourceTree = "<group>"; };
		185296F125DFA0930011B60E /* Floating.swift */ = {isa = PBXFileReference; fileEncoding = 4; lastKnownFileType = sourcecode.swift; path = Floating.swift; sourceTree = "<group>"; };
		185296F225DFA0930011B60E /* Dictionary.swift */ = {isa = PBXFileReference; fileEncoding = 4; lastKnownFileType = sourcecode.swift; path = Dictionary.swift; sourceTree = "<group>"; };
		185296F325DFA0930011B60E /* Array.swift */ = {isa = PBXFileReference; fileEncoding = 4; lastKnownFileType = sourcecode.swift; path = Array.swift; sourceTree = "<group>"; };
		185296F425DFA0930011B60E /* Date.swift */ = {isa = PBXFileReference; fileEncoding = 4; lastKnownFileType = sourcecode.swift; path = Date.swift; sourceTree = "<group>"; };
		185296F525DFA0930011B60E /* Regex.swift */ = {isa = PBXFileReference; fileEncoding = 4; lastKnownFileType = sourcecode.swift; path = Regex.swift; sourceTree = "<group>"; };
		185296F625DFA0930011B60E /* UIColor.swift */ = {isa = PBXFileReference; fileEncoding = 4; lastKnownFileType = sourcecode.swift; path = UIColor.swift; sourceTree = "<group>"; };
		185296F725DFA0930011B60E /* Timer.swift */ = {isa = PBXFileReference; fileEncoding = 4; lastKnownFileType = sourcecode.swift; path = Timer.swift; sourceTree = "<group>"; };
		1852974D25DFB55F0011B60E /* Token.swift */ = {isa = PBXFileReference; lastKnownFileType = sourcecode.swift; path = Token.swift; sourceTree = "<group>"; };
		1852977C25E35C9A0011B60E /* en */ = {isa = PBXFileReference; lastKnownFileType = text.plist.strings; name = en; path = en.lproj/Localizable.strings; sourceTree = "<group>"; };
		1852978625E35D360011B60E /* vi */ = {isa = PBXFileReference; lastKnownFileType = text.plist.strings; name = vi; path = vi.lproj/LaunchScreen.strings; sourceTree = "<group>"; };
		1852978725E35D360011B60E /* vi */ = {isa = PBXFileReference; lastKnownFileType = text.plist.strings; name = vi; path = vi.lproj/Localizable.strings; sourceTree = "<group>"; };
		1852978F25E369BE0011B60E /* Inter-VariableFont_slnt,wght.ttf */ = {isa = PBXFileReference; lastKnownFileType = file; path = "Inter-VariableFont_slnt,wght.ttf"; sourceTree = "<group>"; };
		1852979425E36A010011B60E /* Inter-ExtraLight.ttf */ = {isa = PBXFileReference; lastKnownFileType = file; path = "Inter-ExtraLight.ttf"; sourceTree = "<group>"; };
		1852979525E36A010011B60E /* Inter-Medium.ttf */ = {isa = PBXFileReference; lastKnownFileType = file; path = "Inter-Medium.ttf"; sourceTree = "<group>"; };
		1852979625E36A020011B60E /* Inter-SemiBold.ttf */ = {isa = PBXFileReference; lastKnownFileType = file; path = "Inter-SemiBold.ttf"; sourceTree = "<group>"; };
		1852979725E36A030011B60E /* Inter-ExtraBold.ttf */ = {isa = PBXFileReference; lastKnownFileType = file; path = "Inter-ExtraBold.ttf"; sourceTree = "<group>"; };
		1852979825E36A030011B60E /* Inter-Thin.ttf */ = {isa = PBXFileReference; lastKnownFileType = file; path = "Inter-Thin.ttf"; sourceTree = "<group>"; };
		1852979925E36A040011B60E /* Inter-Black.ttf */ = {isa = PBXFileReference; lastKnownFileType = file; path = "Inter-Black.ttf"; sourceTree = "<group>"; };
		1852979A25E36A040011B60E /* Inter-Bold.ttf */ = {isa = PBXFileReference; lastKnownFileType = file; path = "Inter-Bold.ttf"; sourceTree = "<group>"; };
		1852979B25E36A050011B60E /* Inter-Light.ttf */ = {isa = PBXFileReference; lastKnownFileType = file; path = "Inter-Light.ttf"; sourceTree = "<group>"; };
		1852979C25E36A060011B60E /* Inter-Regular.ttf */ = {isa = PBXFileReference; lastKnownFileType = file; path = "Inter-Regular.ttf"; sourceTree = "<group>"; };
		185297A925E36E920011B60E /* Font.swift */ = {isa = PBXFileReference; lastKnownFileType = sourcecode.swift; path = Font.swift; sourceTree = "<group>"; };
		185297B425E3A4210011B60E /* Strings.swift */ = {isa = PBXFileReference; lastKnownFileType = sourcecode.swift; path = Strings.swift; sourceTree = "<group>"; };
		186456DC25EDDB7A009F781B /* AppIcone.png */ = {isa = PBXFileReference; lastKnownFileType = image.png; path = AppIcone.png; sourceTree = "<group>"; };
		187A157125C9019700309C02 /* CoCoDesign.app */ = {isa = PBXFileReference; explicitFileType = wrapper.application; includeInIndex = 0; path = CoCoDesign.app; sourceTree = BUILT_PRODUCTS_DIR; };
		187A157425C9019700309C02 /* AppDelegate.swift */ = {isa = PBXFileReference; lastKnownFileType = sourcecode.swift; path = AppDelegate.swift; sourceTree = "<group>"; };
		187A157625C9019700309C02 /* SceneDelegate.swift */ = {isa = PBXFileReference; lastKnownFileType = sourcecode.swift; path = SceneDelegate.swift; sourceTree = "<group>"; };
		187A157825C9019700309C02 /* ContentView.swift */ = {isa = PBXFileReference; lastKnownFileType = sourcecode.swift; path = ContentView.swift; sourceTree = "<group>"; };
		187A157A25C9019800309C02 /* Assets.xcassets */ = {isa = PBXFileReference; lastKnownFileType = folder.assetcatalog; path = Assets.xcassets; sourceTree = "<group>"; };
		187A157D25C9019800309C02 /* Preview Assets.xcassets */ = {isa = PBXFileReference; lastKnownFileType = folder.assetcatalog; path = "Preview Assets.xcassets"; sourceTree = "<group>"; };
		187A158025C9019800309C02 /* Base */ = {isa = PBXFileReference; lastKnownFileType = file.storyboard; name = Base; path = Base.lproj/LaunchScreen.storyboard; sourceTree = "<group>"; };
		187A158225C9019800309C02 /* Info.plist */ = {isa = PBXFileReference; lastKnownFileType = text.plist.xml; path = Info.plist; sourceTree = "<group>"; };
		187A158725C9019900309C02 /* CoCoDesignTests.xctest */ = {isa = PBXFileReference; explicitFileType = wrapper.cfbundle; includeInIndex = 0; path = CoCoDesignTests.xctest; sourceTree = BUILT_PRODUCTS_DIR; };
		187A158B25C9019900309C02 /* CoCoDesignTests.swift */ = {isa = PBXFileReference; lastKnownFileType = sourcecode.swift; path = CoCoDesignTests.swift; sourceTree = "<group>"; };
		187A158D25C9019900309C02 /* Info.plist */ = {isa = PBXFileReference; lastKnownFileType = text.plist.xml; path = Info.plist; sourceTree = "<group>"; };
		187A159225C9019900309C02 /* CoCoDesignUITests.xctest */ = {isa = PBXFileReference; explicitFileType = wrapper.cfbundle; includeInIndex = 0; path = CoCoDesignUITests.xctest; sourceTree = BUILT_PRODUCTS_DIR; };
		187A159625C9019900309C02 /* CoCoDesignUITests.swift */ = {isa = PBXFileReference; lastKnownFileType = sourcecode.swift; path = CoCoDesignUITests.swift; sourceTree = "<group>"; };
		187A159825C9019900309C02 /* Info.plist */ = {isa = PBXFileReference; lastKnownFileType = text.plist.xml; path = Info.plist; sourceTree = "<group>"; };
		187A15AC25C9033A00309C02 /* PhoneInput.swift */ = {isa = PBXFileReference; lastKnownFileType = sourcecode.swift; path = PhoneInput.swift; sourceTree = "<group>"; };
		187A991325F8553200C22B1E /* View.swift */ = {isa = PBXFileReference; lastKnownFileType = sourcecode.swift; path = View.swift; sourceTree = "<group>"; };
		187A991925F8A88D00C22B1E /* SearchTextField.swift */ = {isa = PBXFileReference; lastKnownFileType = sourcecode.swift; path = SearchTextField.swift; sourceTree = "<group>"; };
		187A993225F99FDF00C22B1E /* NavigationBarCustomeView.swift */ = {isa = PBXFileReference; lastKnownFileType = sourcecode.swift; path = NavigationBarCustomeView.swift; sourceTree = "<group>"; };
		187A994D25FB09DB00C22B1E /* ShopDeltailViewModel.swift */ = {isa = PBXFileReference; lastKnownFileType = sourcecode.swift; path = ShopDeltailViewModel.swift; sourceTree = "<group>"; };
		18A8237725CB8036007F129F /* WebViewStateModel.swift */ = {isa = PBXFileReference; lastKnownFileType = sourcecode.swift; path = WebViewStateModel.swift; sourceTree = "<group>"; };
		18A8237F25CB810C007F129F /* WebView.swift */ = {isa = PBXFileReference; lastKnownFileType = sourcecode.swift; path = WebView.swift; sourceTree = "<group>"; };
		18A8238525CBA488007F129F /* PolicyObseverble.swift */ = {isa = PBXFileReference; lastKnownFileType = sourcecode.swift; path = PolicyObseverble.swift; sourceTree = "<group>"; };
		18A8238D25CBE32F007F129F /* PolicyView.swift */ = {isa = PBXFileReference; lastKnownFileType = sourcecode.swift; path = PolicyView.swift; sourceTree = "<group>"; };
		18BB021625E756BA00575B3D /* StateVerificode.swift */ = {isa = PBXFileReference; lastKnownFileType = sourcecode.swift; path = StateVerificode.swift; sourceTree = "<group>"; };
		18BB022025E7605900575B3D /* LoadingIndicatorView.swift */ = {isa = PBXFileReference; lastKnownFileType = sourcecode.swift; path = LoadingIndicatorView.swift; sourceTree = "<group>"; };
		18BB024225E77D5100575B3D /* APIPhoneLogin.swift */ = {isa = PBXFileReference; lastKnownFileType = sourcecode.swift; path = APIPhoneLogin.swift; sourceTree = "<group>"; };
		18C4E19925E8AB91004047A2 /* StateLogin.swift */ = {isa = PBXFileReference; lastKnownFileType = sourcecode.swift; path = StateLogin.swift; sourceTree = "<group>"; };
		18C4E1A925E8AD7E004047A2 /* APIUpdateUserProfile.swift */ = {isa = PBXFileReference; lastKnownFileType = sourcecode.swift; path = APIUpdateUserProfile.swift; sourceTree = "<group>"; };
		18CA5BED25E79A1100041BB6 /* RegisterProfileView.swift */ = {isa = PBXFileReference; lastKnownFileType = sourcecode.swift; path = RegisterProfileView.swift; sourceTree = "<group>"; };
		18E3C12F25E8F2B1004F368F /* RegisterProfileViewModel.swift */ = {isa = PBXFileReference; lastKnownFileType = sourcecode.swift; path = RegisterProfileViewModel.swift; sourceTree = "<group>"; };
		18E3C13525E8FBF1004F368F /* HomeCategoriesView.swift */ = {isa = PBXFileReference; lastKnownFileType = sourcecode.swift; path = HomeCategoriesView.swift; sourceTree = "<group>"; };
		18E3C14225E90496004F368F /* Category.swift */ = {isa = PBXFileReference; lastKnownFileType = sourcecode.swift; path = Category.swift; sourceTree = "<group>"; };
		18E3C14A25E90546004F368F /* APIRequestCategories.swift */ = {isa = PBXFileReference; lastKnownFileType = sourcecode.swift; path = APIRequestCategories.swift; sourceTree = "<group>"; };
		18E3C15225E90610004F368F /* HomeCategoriesViewModel.swift */ = {isa = PBXFileReference; lastKnownFileType = sourcecode.swift; path = HomeCategoriesViewModel.swift; sourceTree = "<group>"; };
		18E3C16025EBD9D5004F368F /* ImageLoaderObservable.swift */ = {isa = PBXFileReference; lastKnownFileType = sourcecode.swift; path = ImageLoaderObservable.swift; sourceTree = "<group>"; };
		18E3C16525EBE476004F368F /* ImageView.swift */ = {isa = PBXFileReference; lastKnownFileType = sourcecode.swift; path = ImageView.swift; sourceTree = "<group>"; };
		18E3C19725ECBC85004F368F /* Shop.swift */ = {isa = PBXFileReference; lastKnownFileType = sourcecode.swift; path = Shop.swift; sourceTree = "<group>"; };
		18E3C1A025ECBEDE004F368F /* APIRequestShop.swift */ = {isa = PBXFileReference; lastKnownFileType = sourcecode.swift; path = APIRequestShop.swift; sourceTree = "<group>"; };
		18E3C1A825ECC088004F368F /* ListShopViewModel.swift */ = {isa = PBXFileReference; lastKnownFileType = sourcecode.swift; path = ListShopViewModel.swift; sourceTree = "<group>"; };
		18E3C1DD25ECCA9F004F368F /* CoCoDesignDebug.entitlements */ = {isa = PBXFileReference; lastKnownFileType = text.plist.entitlements; path = CoCoDesignDebug.entitlements; sourceTree = "<group>"; };
		18E3C1E525ECD7B3004F368F /* ListShopView.swift */ = {isa = PBXFileReference; lastKnownFileType = sourcecode.swift; path = ListShopView.swift; sourceTree = "<group>"; };
		18E3C20E25ED0941004F368F /* Binding.swift */ = {isa = PBXFileReference; lastKnownFileType = sourcecode.swift; path = Binding.swift; sourceTree = "<group>"; };
		18E3C21425ED5528004F368F /* ShopDetailView.swift */ = {isa = PBXFileReference; lastKnownFileType = sourcecode.swift; path = ShopDetailView.swift; sourceTree = "<group>"; };
		18E3C21C25ED5640004F368F /* ShopMasterCategory.swift */ = {isa = PBXFileReference; lastKnownFileType = sourcecode.swift; path = ShopMasterCategory.swift; sourceTree = "<group>"; };
		18EA919E25F0C1E20043CB35 /* TextFieldFormatter.swift */ = {isa = PBXFileReference; lastKnownFileType = sourcecode.swift; path = TextFieldFormatter.swift; sourceTree = "<group>"; };
		1E655486D7FB0F801A90B839 /* Pods-CoCoDesign.debug.xcconfig */ = {isa = PBXFileReference; includeInIndex = 1; lastKnownFileType = text.xcconfig; name = "Pods-CoCoDesign.debug.xcconfig"; path = "Target Support Files/Pods-CoCoDesign/Pods-CoCoDesign.debug.xcconfig"; sourceTree = "<group>"; };
		2A5F878EFFAF8AF6C27063DF /* Pods_CoCoDesignTests.framework */ = {isa = PBXFileReference; explicitFileType = wrapper.framework; includeInIndex = 0; path = Pods_CoCoDesignTests.framework; sourceTree = BUILT_PRODUCTS_DIR; };
		3E66C49045F09C3ADFB2865F /* Pods_CoCoDesign.framework */ = {isa = PBXFileReference; explicitFileType = wrapper.framework; includeInIndex = 0; path = Pods_CoCoDesign.framework; sourceTree = BUILT_PRODUCTS_DIR; };
		5750B80117127D7584E4E756 /* Pods-CoCoDesignTests.debug.xcconfig */ = {isa = PBXFileReference; includeInIndex = 1; lastKnownFileType = text.xcconfig; name = "Pods-CoCoDesignTests.debug.xcconfig"; path = "Target Support Files/Pods-CoCoDesignTests/Pods-CoCoDesignTests.debug.xcconfig"; sourceTree = "<group>"; };
		71DFE69F3827D1F5B7FD2225 /* Pods-CoCoDesignTests.release.xcconfig */ = {isa = PBXFileReference; includeInIndex = 1; lastKnownFileType = text.xcconfig; name = "Pods-CoCoDesignTests.release.xcconfig"; path = "Target Support Files/Pods-CoCoDesignTests/Pods-CoCoDesignTests.release.xcconfig"; sourceTree = "<group>"; };
		72D5B84199842DF897EB7FC5 /* Pods-CoCoDesign-CoCoDesignUITests.release.xcconfig */ = {isa = PBXFileReference; includeInIndex = 1; lastKnownFileType = text.xcconfig; name = "Pods-CoCoDesign-CoCoDesignUITests.release.xcconfig"; path = "Target Support Files/Pods-CoCoDesign-CoCoDesignUITests/Pods-CoCoDesign-CoCoDesignUITests.release.xcconfig"; sourceTree = "<group>"; };
		D2B4306F57E60B4FC7CA5585 /* Pods_CoCoDesign_CoCoDesignUITests.framework */ = {isa = PBXFileReference; explicitFileType = wrapper.framework; includeInIndex = 0; path = Pods_CoCoDesign_CoCoDesignUITests.framework; sourceTree = BUILT_PRODUCTS_DIR; };
		F4C3014A23D8D534E4E905A0 /* Pods-CoCoDesign.release.xcconfig */ = {isa = PBXFileReference; includeInIndex = 1; lastKnownFileType = text.xcconfig; name = "Pods-CoCoDesign.release.xcconfig"; path = "Target Support Files/Pods-CoCoDesign/Pods-CoCoDesign.release.xcconfig"; sourceTree = "<group>"; };
/* End PBXFileReference section */

/* Begin PBXFrameworksBuildPhase section */
		187A156E25C9019700309C02 /* Frameworks */ = {
			isa = PBXFrameworksBuildPhase;
			buildActionMask = 2147483647;
			files = (
				237F3523574668A67A37196A /* Pods_CoCoDesign.framework in Frameworks */,
			);
			runOnlyForDeploymentPostprocessing = 0;
		};
		187A158425C9019900309C02 /* Frameworks */ = {
			isa = PBXFrameworksBuildPhase;
			buildActionMask = 2147483647;
			files = (
				0AAB304567FAD5CB798DB3F5 /* Pods_CoCoDesignTests.framework in Frameworks */,
			);
			runOnlyForDeploymentPostprocessing = 0;
		};
		187A158F25C9019900309C02 /* Frameworks */ = {
			isa = PBXFrameworksBuildPhase;
			buildActionMask = 2147483647;
			files = (
				992B605D53B4630E149EE288 /* Pods_CoCoDesign_CoCoDesignUITests.framework in Frameworks */,
			);
			runOnlyForDeploymentPostprocessing = 0;
		};
/* End PBXFrameworksBuildPhase section */

/* Begin PBXGroup section */
		15D43723FDF0A3B416553539 /* Frameworks */ = {
			isa = PBXGroup;
			children = (
				3E66C49045F09C3ADFB2865F /* Pods_CoCoDesign.framework */,
				D2B4306F57E60B4FC7CA5585 /* Pods_CoCoDesign_CoCoDesignUITests.framework */,
				2A5F878EFFAF8AF6C27063DF /* Pods_CoCoDesignTests.framework */,
			);
			name = Frameworks;
			sourceTree = "<group>";
		};
		180086F125CA874B004718B7 /* PolicyView */ = {
			isa = PBXGroup;
			children = (
				18A8238D25CBE32F007F129F /* PolicyView.swift */,
			);
			path = PolicyView;
			sourceTree = "<group>";
		};
		180086F225CA8779004718B7 /* Extension */ = {
			isa = PBXGroup;
			children = (
				1820D8FD25C946380029AD4C /* Scale.swift */,
				185296F325DFA0930011B60E /* Array.swift */,
				18294FCD25E6273300C44D81 /* JSONDecoder.swift */,
				18294FBE25E6269100C44D81 /* URL.swift */,
				185296F425DFA0930011B60E /* Date.swift */,
				185296F225DFA0930011B60E /* Dictionary.swift */,
				185296F125DFA0930011B60E /* Floating.swift */,
				185296F025DFA0930011B60E /* Int.swift */,
				185296F525DFA0930011B60E /* Regex.swift */,
				185296EF25DFA0920011B60E /* String.swift */,
				185296F725DFA0930011B60E /* Timer.swift */,
				1820D8DC25C90C480029AD4C /* Color.swift */,
				185296F625DFA0930011B60E /* UIColor.swift */,
				185297A925E36E920011B60E /* Font.swift */,
				18294FB425E6122B00C44D81 /* URLRequest.swift */,
				18294FB925E6266600C44D81 /* URLSession.swift */,
				18294FC325E626E400C44D81 /* NSObject.swift */,
				18294FC825E6270700C44D81 /* NSCoder.swift */,
				18294FD225E6278800C44D81 /* HTTPURLResponse.swift */,
				18294FD725E627AB00C44D81 /* Data.swift */,
				18294FDF25E62BF300C44D81 /* UserDefaults.swift */,
				18E3C20E25ED0941004F368F /* Binding.swift */,
				187A991325F8553200C22B1E /* View.swift */,
			);
			path = Extension;
			sourceTree = "<group>";
		};
		1820D8E925C932510029AD4C /* VerifiCodeView */ = {
			isa = PBXGroup;
			children = (
				1820D8EB25C932A60029AD4C /* VerifiCodeView.swift */,
				18294F9E25E5E05700C44D81 /* VerifiCodeViewModel.swift */,
			);
			path = VerifiCodeView;
			sourceTree = "<group>";
		};
		1820D8EA25C932710029AD4C /* Login */ = {
			isa = PBXGroup;
			children = (
				18BB021B25E75B3D00575B3D /* RegisterProfileView */,
				180086F125CA874B004718B7 /* PolicyView */,
				1820D8E925C932510029AD4C /* VerifiCodeView */,
				187A15B125C9034200309C02 /* PhoneInputView */,
			);
			path = Login;
			sourceTree = "<group>";
		};
		18294F9225E4E08A00C44D81 /* LinkedView */ = {
			isa = PBXGroup;
			children = (
				180086EC25C95F17004718B7 /* LinkedView.swift */,
			);
			path = LinkedView;
			sourceTree = "<group>";
		};
		18294FA925E60F8300C44D81 /* APISession */ = {
			isa = PBXGroup;
			children = (
				1852968725DF5F970011B60E /* ServiceError.swift */,
				18294FAA25E60FAF00C44D81 /* APISession.swift */,
				18294FAF25E6100400C44D81 /* RequestBuilder.swift */,
			);
			path = APISession;
			sourceTree = "<group>";
		};
		18294FE425E62F8B00C44D81 /* Service */ = {
			isa = PBXGroup;
			children = (
				18294FE525E62FA400C44D81 /* APIPart.swift */,
			);
			path = Service;
			sourceTree = "<group>";
		};
		185295FB25D8E4AC0011B60E /* UIView */ = {
			isa = PBXGroup;
			children = (
				187A991825F8A86300C22B1E /* SearchTextField */,
				18294F9225E4E08A00C44D81 /* LinkedView */,
				185296BE25DF6CE40011B60E /* UIView */,
			);
			path = UIView;
			sourceTree = "<group>";
		};
		1852962625DDF8BB0011B60E /* ObservableObject */ = {
			isa = PBXGroup;
			children = (
				18A8238525CBA488007F129F /* PolicyObseverble.swift */,
				18E3C16025EBD9D5004F368F /* ImageLoaderObservable.swift */,
			);
			path = ObservableObject;
			sourceTree = "<group>";
		};
		1852968325DF5F970011B60E /* Services */ = {
			isa = PBXGroup;
			children = (
				18BB022825E77BAF00575B3D /* Request */,
				18294FE425E62F8B00C44D81 /* Service */,
				18294FA925E60F8300C44D81 /* APISession */,
			);
			path = Services;
			sourceTree = "<group>";
		};
		185296BD25DF6CB80011B60E /* ViewModel */ = {
			isa = PBXGroup;
			children = (
			);
			path = ViewModel;
			sourceTree = "<group>";
		};
		185296BE25DF6CE40011B60E /* UIView */ = {
			isa = PBXGroup;
			children = (
				1852961B25DA52D30011B60E /* OTPUIView.swift */,
				1852962025DA530D0011B60E /* OTPUIView.xib */,
			);
			path = UIView;
			sourceTree = "<group>";
		};
		185296C325DF6D510011B60E /* SwiftUIView */ = {
			isa = PBXGroup;
			children = (
				187A991E25F8CEC700C22B1E /* NavigationBar */,
				18EA919B25F0C19F0043CB35 /* ViewHelper */,
				18E3C13425E8FBAF004F368F /* HomeCategories */,
				18BB021F25E7604700575B3D /* LoadingView */,
				18A8237625CB8016007F129F /* WebView */,
				1820D8EA25C932710029AD4C /* Login */,
				18E3C16525EBE476004F368F /* ImageView.swift */,
			);
			path = SwiftUIView;
			sourceTree = "<group>";
		};
		185296C425DF6D770011B60E /* Resource */ = {
			isa = PBXGroup;
			children = (
				186456DC25EDDB7A009F781B /* AppIcone.png */,
				187A15A825C901B600309C02 /* DataDefaults */,
				187A157A25C9019800309C02 /* Assets.xcassets */,
				1852977D25E35C9A0011B60E /* Localizable.strings */,
			);
			path = Resource;
			sourceTree = "<group>";
		};
		1852974425DFB5290011B60E /* LoginPhone */ = {
			isa = PBXGroup;
			children = (
				18BB021625E756BA00575B3D /* StateVerificode.swift */,
				1852974D25DFB55F0011B60E /* Token.swift */,
				18C4E19925E8AB91004047A2 /* StateLogin.swift */,
			);
			path = LoginPhone;
			sourceTree = "<group>";
		};
		1852975825E33C1F0011B60E /* Target */ = {
			isa = PBXGroup;
			children = (
				187A158225C9019800309C02 /* Info.plist */,
				18294F8125E4A25700C44D81 /* GoogleService-Info.plist */,
			);
			path = Target;
			sourceTree = "<group>";
		};
		1852978E25E369640011B60E /* Font */ = {
			isa = PBXGroup;
			children = (
				1852979925E36A040011B60E /* Inter-Black.ttf */,
				1852979A25E36A040011B60E /* Inter-Bold.ttf */,
				1852979725E36A030011B60E /* Inter-ExtraBold.ttf */,
				1852979425E36A010011B60E /* Inter-ExtraLight.ttf */,
				1852979B25E36A050011B60E /* Inter-Light.ttf */,
				1852979525E36A010011B60E /* Inter-Medium.ttf */,
				1852979C25E36A060011B60E /* Inter-Regular.ttf */,
				1852979625E36A020011B60E /* Inter-SemiBold.ttf */,
				1852979825E36A030011B60E /* Inter-Thin.ttf */,
				1852978F25E369BE0011B60E /* Inter-VariableFont_slnt,wght.ttf */,
			);
			path = Font;
			sourceTree = "<group>";
		};
		187A156825C9019700309C02 = {
			isa = PBXGroup;
			children = (
				187A157325C9019700309C02 /* CoCoDesign */,
				187A158A25C9019900309C02 /* CoCoDesignTests */,
				187A159525C9019900309C02 /* CoCoDesignUITests */,
				187A157225C9019700309C02 /* Products */,
				7C11F5011402B8A6DEC5705A /* Pods */,
				15D43723FDF0A3B416553539 /* Frameworks */,
			);
			sourceTree = "<group>";
		};
		187A157225C9019700309C02 /* Products */ = {
			isa = PBXGroup;
			children = (
				187A157125C9019700309C02 /* CoCoDesign.app */,
				187A158725C9019900309C02 /* CoCoDesignTests.xctest */,
				187A159225C9019900309C02 /* CoCoDesignUITests.xctest */,
			);
			name = Products;
			sourceTree = "<group>";
		};
		187A157325C9019700309C02 /* CoCoDesign */ = {
			isa = PBXGroup;
			children = (
				18E3C1DD25ECCA9F004F368F /* CoCoDesignDebug.entitlements */,
				18C4E1A425E8AC14004047A2 /* Help */,
				1852975825E33C1F0011B60E /* Target */,
				1852978E25E369640011B60E /* Font */,
				180086F225CA8779004718B7 /* Extension */,
				185296C425DF6D770011B60E /* Resource */,
				185296BD25DF6CB80011B60E /* ViewModel */,
				1852968325DF5F970011B60E /* Services */,
				1851204625D0CA7F007C9106 /* CoCoDesign.entitlements */,
				18A8238425CBA475007F129F /* Model */,
				187A15A725C901B000309C02 /* View */,
				187A157425C9019700309C02 /* AppDelegate.swift */,
				187A157825C9019700309C02 /* ContentView.swift */,
				187A157625C9019700309C02 /* SceneDelegate.swift */,
				187A157F25C9019800309C02 /* LaunchScreen.storyboard */,
				187A157C25C9019800309C02 /* Preview Content */,
			);
			path = CoCoDesign;
			sourceTree = "<group>";
		};
		187A157C25C9019800309C02 /* Preview Content */ = {
			isa = PBXGroup;
			children = (
				187A157D25C9019800309C02 /* Preview Assets.xcassets */,
			);
			path = "Preview Content";
			sourceTree = "<group>";
		};
		187A158A25C9019900309C02 /* CoCoDesignTests */ = {
			isa = PBXGroup;
			children = (
				187A158B25C9019900309C02 /* CoCoDesignTests.swift */,
				187A158D25C9019900309C02 /* Info.plist */,
			);
			path = CoCoDesignTests;
			sourceTree = "<group>";
		};
		187A159525C9019900309C02 /* CoCoDesignUITests */ = {
			isa = PBXGroup;
			children = (
				187A159625C9019900309C02 /* CoCoDesignUITests.swift */,
				187A159825C9019900309C02 /* Info.plist */,
			);
			path = CoCoDesignUITests;
			sourceTree = "<group>";
		};
		187A15A725C901B000309C02 /* View */ = {
			isa = PBXGroup;
			children = (
				185296C325DF6D510011B60E /* SwiftUIView */,
				185295FB25D8E4AC0011B60E /* UIView */,
			);
			path = View;
			sourceTree = "<group>";
		};
		187A15A825C901B600309C02 /* DataDefaults */ = {
			isa = PBXGroup;
			children = (
				1820D8D325C9048E0029AD4C /* Place.swift */,
				1820D8E425C927FD0029AD4C /* EmojiFlag.swift */,
			);
			path = DataDefaults;
			sourceTree = "<group>";
		};
		187A15B125C9034200309C02 /* PhoneInputView */ = {
			isa = PBXGroup;
			children = (
				187A15AC25C9033A00309C02 /* PhoneInput.swift */,
				18294F9625E4FEE800C44D81 /* PhoneInputViewModel.swift */,
			);
			path = PhoneInputView;
			sourceTree = "<group>";
		};
		187A991825F8A86300C22B1E /* SearchTextField */ = {
			isa = PBXGroup;
			children = (
				187A991925F8A88D00C22B1E /* SearchTextField.swift */,
			);
			path = SearchTextField;
			sourceTree = "<group>";
		};
		187A991E25F8CEC700C22B1E /* NavigationBar */ = {
			isa = PBXGroup;
			children = (
				187A993225F99FDF00C22B1E /* NavigationBarCustomeView.swift */,
			);
			path = NavigationBar;
			sourceTree = "<group>";
		};
		18A8237625CB8016007F129F /* WebView */ = {
			isa = PBXGroup;
			children = (
				18A8237725CB8036007F129F /* WebViewStateModel.swift */,
				18A8237F25CB810C007F129F /* WebView.swift */,
			);
			path = WebView;
			sourceTree = "<group>";
		};
		18A8238425CBA475007F129F /* Model */ = {
			isa = PBXGroup;
			children = (
				18E3C19525ECBC6A004F368F /* Shop */,
				18E3C14125E9047B004F368F /* Categories */,
				1852974425DFB5290011B60E /* LoginPhone */,
				1852962625DDF8BB0011B60E /* ObservableObject */,
			);
			path = Model;
			sourceTree = "<group>";
		};
		18BB021B25E75B3D00575B3D /* RegisterProfileView */ = {
			isa = PBXGroup;
			children = (
				18CA5BED25E79A1100041BB6 /* RegisterProfileView.swift */,
				18E3C12F25E8F2B1004F368F /* RegisterProfileViewModel.swift */,
			);
			path = RegisterProfileView;
			sourceTree = "<group>";
		};
		18BB021F25E7604700575B3D /* LoadingView */ = {
			isa = PBXGroup;
			children = (
				18BB022025E7605900575B3D /* LoadingIndicatorView.swift */,
			);
			path = LoadingView;
			sourceTree = "<group>";
		};
		18BB022825E77BAF00575B3D /* Request */ = {
			isa = PBXGroup;
			children = (
				18E3C19F25ECBEC0004F368F /* APIRequestShop */,
				18E3C13D25E9042C004F368F /* APIRequestCategories */,
				18C4E1A825E8AD5A004047A2 /* APIUpdateUserProfile */,
				18BB024125E77D1900575B3D /* APIPhoneLogin */,
			);
			path = Request;
			sourceTree = "<group>";
		};
		18BB024125E77D1900575B3D /* APIPhoneLogin */ = {
			isa = PBXGroup;
			children = (
				18BB024225E77D5100575B3D /* APIPhoneLogin.swift */,
			);
			path = APIPhoneLogin;
			sourceTree = "<group>";
		};
		18C4E1A425E8AC14004047A2 /* Help */ = {
			isa = PBXGroup;
			children = (
				185297B425E3A4210011B60E /* Strings.swift */,
			);
			path = Help;
			sourceTree = "<group>";
		};
		18C4E1A825E8AD5A004047A2 /* APIUpdateUserProfile */ = {
			isa = PBXGroup;
			children = (
				18C4E1A925E8AD7E004047A2 /* APIUpdateUserProfile.swift */,
			);
			path = APIUpdateUserProfile;
			sourceTree = "<group>";
		};
		18E3C13425E8FBAF004F368F /* HomeCategories */ = {
			isa = PBXGroup;
			children = (
				18E3C1E425ECD771004F368F /* ListShopView */,
				18E3C13525E8FBF1004F368F /* HomeCategoriesView.swift */,
				18E3C15225E90610004F368F /* HomeCategoriesViewModel.swift */,
			);
			path = HomeCategories;
			sourceTree = "<group>";
		};
		18E3C13D25E9042C004F368F /* APIRequestCategories */ = {
			isa = PBXGroup;
			children = (
				18E3C14A25E90546004F368F /* APIRequestCategories.swift */,
			);
			path = APIRequestCategories;
			sourceTree = "<group>";
		};
		18E3C14125E9047B004F368F /* Categories */ = {
			isa = PBXGroup;
			children = (
				18E3C21C25ED5640004F368F /* ShopMasterCategory.swift */,
				18E3C14225E90496004F368F /* Category.swift */,
			);
			path = Categories;
			sourceTree = "<group>";
		};
		18E3C19525ECBC6A004F368F /* Shop */ = {
			isa = PBXGroup;
			children = (
				18E3C19725ECBC85004F368F /* Shop.swift */,
				18E3C19625ECBC71004F368F /* ShopDetail */,
			);
			path = Shop;
			sourceTree = "<group>";
		};
		18E3C19625ECBC71004F368F /* ShopDetail */ = {
			isa = PBXGroup;
			children = (
			);
			path = ShopDetail;
			sourceTree = "<group>";
		};
		18E3C19F25ECBEC0004F368F /* APIRequestShop */ = {
			isa = PBXGroup;
			children = (
				18E3C1A025ECBEDE004F368F /* APIRequestShop.swift */,
			);
			path = APIRequestShop;
			sourceTree = "<group>";
		};
		18E3C1E425ECD771004F368F /* ListShopView */ = {
			isa = PBXGroup;
			children = (
				18E3C21325ED5503004F368F /* ShopDetailView */,
				18E3C1E525ECD7B3004F368F /* ListShopView.swift */,
				18E3C1A825ECC088004F368F /* ListShopViewModel.swift */,
			);
			path = ListShopView;
			sourceTree = "<group>";
		};
		18E3C21325ED5503004F368F /* ShopDetailView */ = {
			isa = PBXGroup;
			children = (
				18E3C21425ED5528004F368F /* ShopDetailView.swift */,
				187A994D25FB09DB00C22B1E /* ShopDeltailViewModel.swift */,
			);
			path = ShopDetailView;
			sourceTree = "<group>";
		};
		18EA919B25F0C19F0043CB35 /* ViewHelper */ = {
			isa = PBXGroup;
			children = (
				18EA919C25F0C1AE0043CB35 /* TextFieldFormatterView */,
			);
			path = ViewHelper;
			sourceTree = "<group>";
		};
		18EA919C25F0C1AE0043CB35 /* TextFieldFormatterView */ = {
			isa = PBXGroup;
			children = (
				18EA919E25F0C1E20043CB35 /* TextFieldFormatter.swift */,
			);
			path = TextFieldFormatterView;
			sourceTree = "<group>";
		};
		7C11F5011402B8A6DEC5705A /* Pods */ = {
			isa = PBXGroup;
			children = (
				1E655486D7FB0F801A90B839 /* Pods-CoCoDesign.debug.xcconfig */,
				F4C3014A23D8D534E4E905A0 /* Pods-CoCoDesign.release.xcconfig */,
				013A7451516A2ABBC6E67D50 /* Pods-CoCoDesign-CoCoDesignUITests.debug.xcconfig */,
				72D5B84199842DF897EB7FC5 /* Pods-CoCoDesign-CoCoDesignUITests.release.xcconfig */,
				5750B80117127D7584E4E756 /* Pods-CoCoDesignTests.debug.xcconfig */,
				71DFE69F3827D1F5B7FD2225 /* Pods-CoCoDesignTests.release.xcconfig */,
			);
			path = Pods;
			sourceTree = "<group>";
		};
/* End PBXGroup section */

/* Begin PBXNativeTarget section */
		187A157025C9019700309C02 /* CoCoDesign */ = {
			isa = PBXNativeTarget;
			buildConfigurationList = 187A159B25C9019900309C02 /* Build configuration list for PBXNativeTarget "CoCoDesign" */;
			buildPhases = (
				605959B56F19674554B1B7A5 /* [CP] Check Pods Manifest.lock */,
				187A156D25C9019700309C02 /* Sources */,
				187A156E25C9019700309C02 /* Frameworks */,
				187A156F25C9019700309C02 /* Resources */,
				38DBBC895A01F4D9BA1F501F /* [CP] Embed Pods Frameworks */,
			);
			buildRules = (
			);
			dependencies = (
			);
			name = CoCoDesign;
			productName = CoCoDesign;
			productReference = 187A157125C9019700309C02 /* CoCoDesign.app */;
			productType = "com.apple.product-type.application";
		};
		187A158625C9019900309C02 /* CoCoDesignTests */ = {
			isa = PBXNativeTarget;
			buildConfigurationList = 187A159E25C9019900309C02 /* Build configuration list for PBXNativeTarget "CoCoDesignTests" */;
			buildPhases = (
				3D4C30382652354E81B29D1D /* [CP] Check Pods Manifest.lock */,
				187A158325C9019900309C02 /* Sources */,
				187A158425C9019900309C02 /* Frameworks */,
				187A158525C9019900309C02 /* Resources */,
			);
			buildRules = (
			);
			dependencies = (
				187A158925C9019900309C02 /* PBXTargetDependency */,
			);
			name = CoCoDesignTests;
			productName = CoCoDesignTests;
			productReference = 187A158725C9019900309C02 /* CoCoDesignTests.xctest */;
			productType = "com.apple.product-type.bundle.unit-test";
		};
		187A159125C9019900309C02 /* CoCoDesignUITests */ = {
			isa = PBXNativeTarget;
			buildConfigurationList = 187A15A125C9019900309C02 /* Build configuration list for PBXNativeTarget "CoCoDesignUITests" */;
			buildPhases = (
				D529C5B9AD560B277B803DD0 /* [CP] Check Pods Manifest.lock */,
				187A158E25C9019900309C02 /* Sources */,
				187A158F25C9019900309C02 /* Frameworks */,
				187A159025C9019900309C02 /* Resources */,
				F23753B5844E84E0665F5638 /* [CP] Embed Pods Frameworks */,
			);
			buildRules = (
			);
			dependencies = (
				187A159425C9019900309C02 /* PBXTargetDependency */,
			);
			name = CoCoDesignUITests;
			productName = CoCoDesignUITests;
			productReference = 187A159225C9019900309C02 /* CoCoDesignUITests.xctest */;
			productType = "com.apple.product-type.bundle.ui-testing";
		};
/* End PBXNativeTarget section */

/* Begin PBXProject section */
		187A156925C9019700309C02 /* Project object */ = {
			isa = PBXProject;
			attributes = {
				LastSwiftUpdateCheck = 1220;
				LastUpgradeCheck = 1220;
				TargetAttributes = {
					187A157025C9019700309C02 = {
						CreatedOnToolsVersion = 12.2;
					};
					187A158625C9019900309C02 = {
						CreatedOnToolsVersion = 12.2;
						TestTargetID = 187A157025C9019700309C02;
					};
					187A159125C9019900309C02 = {
						CreatedOnToolsVersion = 12.2;
						TestTargetID = 187A157025C9019700309C02;
					};
				};
			};
			buildConfigurationList = 187A156C25C9019700309C02 /* Build configuration list for PBXProject "CoCoDesign" */;
			compatibilityVersion = "Xcode 9.3";
			developmentRegion = en;
			hasScannedForEncodings = 0;
			knownRegions = (
				en,
				Base,
				vi,
			);
			mainGroup = 187A156825C9019700309C02;
			productRefGroup = 187A157225C9019700309C02 /* Products */;
			projectDirPath = "";
			projectRoot = "";
			targets = (
				187A157025C9019700309C02 /* CoCoDesign */,
				187A158625C9019900309C02 /* CoCoDesignTests */,
				187A159125C9019900309C02 /* CoCoDesignUITests */,
			);
		};
/* End PBXProject section */

/* Begin PBXResourcesBuildPhase section */
		187A156F25C9019700309C02 /* Resources */ = {
			isa = PBXResourcesBuildPhase;
			buildActionMask = 2147483647;
			files = (
				187A158125C9019800309C02 /* LaunchScreen.storyboard in Resources */,
				187A157E25C9019800309C02 /* Preview Assets.xcassets in Resources */,
				185297A425E36A060011B60E /* Inter-Light.ttf in Resources */,
				1852979F25E36A060011B60E /* Inter-SemiBold.ttf in Resources */,
				1852977B25E35C9A0011B60E /* Localizable.strings in Resources */,
				1852979025E369BF0011B60E /* Inter-VariableFont_slnt,wght.ttf in Resources */,
				185297A325E36A060011B60E /* Inter-Bold.ttf in Resources */,
				187A157B25C9019800309C02 /* Assets.xcassets in Resources */,
				1852962125DA530D0011B60E /* OTPUIView.xib in Resources */,
				1852979D25E36A060011B60E /* Inter-ExtraLight.ttf in Resources */,
				1852979E25E36A060011B60E /* Inter-Medium.ttf in Resources */,
				18294F8225E4A25700C44D81 /* GoogleService-Info.plist in Resources */,
				185297A025E36A060011B60E /* Inter-ExtraBold.ttf in Resources */,
				185297A125E36A060011B60E /* Inter-Thin.ttf in Resources */,
				185297A525E36A060011B60E /* Inter-Regular.ttf in Resources */,
				186456DD25EDDB7A009F781B /* AppIcone.png in Resources */,
				185297A225E36A060011B60E /* Inter-Black.ttf in Resources */,
			);
			runOnlyForDeploymentPostprocessing = 0;
		};
		187A158525C9019900309C02 /* Resources */ = {
			isa = PBXResourcesBuildPhase;
			buildActionMask = 2147483647;
			files = (
			);
			runOnlyForDeploymentPostprocessing = 0;
		};
		187A159025C9019900309C02 /* Resources */ = {
			isa = PBXResourcesBuildPhase;
			buildActionMask = 2147483647;
			files = (
			);
			runOnlyForDeploymentPostprocessing = 0;
		};
/* End PBXResourcesBuildPhase section */

/* Begin PBXShellScriptBuildPhase section */
		38DBBC895A01F4D9BA1F501F /* [CP] Embed Pods Frameworks */ = {
			isa = PBXShellScriptBuildPhase;
			buildActionMask = 2147483647;
			files = (
			);
			inputFileListPaths = (
				"${PODS_ROOT}/Target Support Files/Pods-CoCoDesign/Pods-CoCoDesign-frameworks-${CONFIGURATION}-input-files.xcfilelist",
			);
			name = "[CP] Embed Pods Frameworks";
			outputFileListPaths = (
				"${PODS_ROOT}/Target Support Files/Pods-CoCoDesign/Pods-CoCoDesign-frameworks-${CONFIGURATION}-output-files.xcfilelist",
			);
			runOnlyForDeploymentPostprocessing = 0;
			shellPath = /bin/sh;
			shellScript = "\"${PODS_ROOT}/Target Support Files/Pods-CoCoDesign/Pods-CoCoDesign-frameworks.sh\"\n";
			showEnvVarsInLog = 0;
		};
		3D4C30382652354E81B29D1D /* [CP] Check Pods Manifest.lock */ = {
			isa = PBXShellScriptBuildPhase;
			buildActionMask = 2147483647;
			files = (
			);
			inputFileListPaths = (
			);
			inputPaths = (
				"${PODS_PODFILE_DIR_PATH}/Podfile.lock",
				"${PODS_ROOT}/Manifest.lock",
			);
			name = "[CP] Check Pods Manifest.lock";
			outputFileListPaths = (
			);
			outputPaths = (
				"$(DERIVED_FILE_DIR)/Pods-CoCoDesignTests-checkManifestLockResult.txt",
			);
			runOnlyForDeploymentPostprocessing = 0;
			shellPath = /bin/sh;
			shellScript = "diff \"${PODS_PODFILE_DIR_PATH}/Podfile.lock\" \"${PODS_ROOT}/Manifest.lock\" > /dev/null\nif [ $? != 0 ] ; then\n    # print error to STDERR\n    echo \"error: The sandbox is not in sync with the Podfile.lock. Run 'pod install' or update your CocoaPods installation.\" >&2\n    exit 1\nfi\n# This output is used by Xcode 'outputs' to avoid re-running this script phase.\necho \"SUCCESS\" > \"${SCRIPT_OUTPUT_FILE_0}\"\n";
			showEnvVarsInLog = 0;
		};
		605959B56F19674554B1B7A5 /* [CP] Check Pods Manifest.lock */ = {
			isa = PBXShellScriptBuildPhase;
			buildActionMask = 2147483647;
			files = (
			);
			inputFileListPaths = (
			);
			inputPaths = (
				"${PODS_PODFILE_DIR_PATH}/Podfile.lock",
				"${PODS_ROOT}/Manifest.lock",
			);
			name = "[CP] Check Pods Manifest.lock";
			outputFileListPaths = (
			);
			outputPaths = (
				"$(DERIVED_FILE_DIR)/Pods-CoCoDesign-checkManifestLockResult.txt",
			);
			runOnlyForDeploymentPostprocessing = 0;
			shellPath = /bin/sh;
			shellScript = "diff \"${PODS_PODFILE_DIR_PATH}/Podfile.lock\" \"${PODS_ROOT}/Manifest.lock\" > /dev/null\nif [ $? != 0 ] ; then\n    # print error to STDERR\n    echo \"error: The sandbox is not in sync with the Podfile.lock. Run 'pod install' or update your CocoaPods installation.\" >&2\n    exit 1\nfi\n# This output is used by Xcode 'outputs' to avoid re-running this script phase.\necho \"SUCCESS\" > \"${SCRIPT_OUTPUT_FILE_0}\"\n";
			showEnvVarsInLog = 0;
		};
		D529C5B9AD560B277B803DD0 /* [CP] Check Pods Manifest.lock */ = {
			isa = PBXShellScriptBuildPhase;
			buildActionMask = 2147483647;
			files = (
			);
			inputFileListPaths = (
			);
			inputPaths = (
				"${PODS_PODFILE_DIR_PATH}/Podfile.lock",
				"${PODS_ROOT}/Manifest.lock",
			);
			name = "[CP] Check Pods Manifest.lock";
			outputFileListPaths = (
			);
			outputPaths = (
				"$(DERIVED_FILE_DIR)/Pods-CoCoDesign-CoCoDesignUITests-checkManifestLockResult.txt",
			);
			runOnlyForDeploymentPostprocessing = 0;
			shellPath = /bin/sh;
			shellScript = "diff \"${PODS_PODFILE_DIR_PATH}/Podfile.lock\" \"${PODS_ROOT}/Manifest.lock\" > /dev/null\nif [ $? != 0 ] ; then\n    # print error to STDERR\n    echo \"error: The sandbox is not in sync with the Podfile.lock. Run 'pod install' or update your CocoaPods installation.\" >&2\n    exit 1\nfi\n# This output is used by Xcode 'outputs' to avoid re-running this script phase.\necho \"SUCCESS\" > \"${SCRIPT_OUTPUT_FILE_0}\"\n";
			showEnvVarsInLog = 0;
		};
		F23753B5844E84E0665F5638 /* [CP] Embed Pods Frameworks */ = {
			isa = PBXShellScriptBuildPhase;
			buildActionMask = 2147483647;
			files = (
			);
			inputFileListPaths = (
				"${PODS_ROOT}/Target Support Files/Pods-CoCoDesign-CoCoDesignUITests/Pods-CoCoDesign-CoCoDesignUITests-frameworks-${CONFIGURATION}-input-files.xcfilelist",
			);
			name = "[CP] Embed Pods Frameworks";
			outputFileListPaths = (
				"${PODS_ROOT}/Target Support Files/Pods-CoCoDesign-CoCoDesignUITests/Pods-CoCoDesign-CoCoDesignUITests-frameworks-${CONFIGURATION}-output-files.xcfilelist",
			);
			runOnlyForDeploymentPostprocessing = 0;
			shellPath = /bin/sh;
			shellScript = "\"${PODS_ROOT}/Target Support Files/Pods-CoCoDesign-CoCoDesignUITests/Pods-CoCoDesign-CoCoDesignUITests-frameworks.sh\"\n";
			showEnvVarsInLog = 0;
		};
/* End PBXShellScriptBuildPhase section */

/* Begin PBXSourcesBuildPhase section */
		187A156D25C9019700309C02 /* Sources */ = {
			isa = PBXSourcesBuildPhase;
			buildActionMask = 2147483647;
			files = (
				187A157525C9019700309C02 /* AppDelegate.swift in Sources */,
				18294FE625E62FA400C44D81 /* APIPart.swift in Sources */,
				18CA5BEE25E79A1100041BB6 /* RegisterProfileView.swift in Sources */,
				187A15AD25C9033A00309C02 /* PhoneInput.swift in Sources */,
				18E3C21D25ED5640004F368F /* ShopMasterCategory.swift in Sources */,
				185296F925DFA0930011B60E /* String.swift in Sources */,
				18A8238025CB810C007F129F /* WebView.swift in Sources */,
				18294FC425E626E400C44D81 /* NSObject.swift in Sources */,
				185296FC25DFA0930011B60E /* Dictionary.swift in Sources */,
				18E3C1A125ECBEDE004F368F /* APIRequestShop.swift in Sources */,
				1852974E25DFB55F0011B60E /* Token.swift in Sources */,
				1820D8DD25C90C480029AD4C /* Color.swift in Sources */,
				185297AA25E36E920011B60E /* Font.swift in Sources */,
				18294F9F25E5E05700C44D81 /* VerifiCodeViewModel.swift in Sources */,
				18E3C14B25E90546004F368F /* APIRequestCategories.swift in Sources */,
				18BB022125E7605900575B3D /* LoadingIndicatorView.swift in Sources */,
				18294F9725E4FEE800C44D81 /* PhoneInputViewModel.swift in Sources */,
				1820D8EC25C932A60029AD4C /* VerifiCodeView.swift in Sources */,
				18294FBF25E6269100C44D81 /* URL.swift in Sources */,
				185296FA25DFA0930011B60E /* Int.swift in Sources */,
				18294FC925E6270700C44D81 /* NSCoder.swift in Sources */,
				1852970125DFA0930011B60E /* Timer.swift in Sources */,
				180086ED25C95F17004718B7 /* LinkedView.swift in Sources */,
				1852970025DFA0930011B60E /* UIColor.swift in Sources */,
				185296FD25DFA0930011B60E /* Array.swift in Sources */,
				18A8238625CBA488007F129F /* PolicyObseverble.swift in Sources */,
				18294FD825E627AB00C44D81 /* Data.swift in Sources */,
				18A8238E25CBE32F007F129F /* PolicyView.swift in Sources */,
				18E3C13625E8FBF1004F368F /* HomeCategoriesView.swift in Sources */,
				187A991425F8553300C22B1E /* View.swift in Sources */,
				185296FF25DFA0930011B60E /* Regex.swift in Sources */,
				18E3C20F25ED0941004F368F /* Binding.swift in Sources */,
				185296A325DF5F970011B60E /* ServiceError.swift in Sources */,
				1852961C25DA52D30011B60E /* OTPUIView.swift in Sources */,
				187A157725C9019700309C02 /* SceneDelegate.swift in Sources */,
				18E3C15325E90610004F368F /* HomeCategoriesViewModel.swift in Sources */,
				185296FB25DFA0930011B60E /* Floating.swift in Sources */,
				187A993325F99FDF00C22B1E /* NavigationBarCustomeView.swift in Sources */,
				18EA919F25F0C1E20043CB35 /* TextFieldFormatter.swift in Sources */,
				18E3C14325E90496004F368F /* Category.swift in Sources */,
				187A157925C9019700309C02 /* ContentView.swift in Sources */,
				1820D8E525C927FD0029AD4C /* EmojiFlag.swift in Sources */,
				18BB021725E756BB00575B3D /* StateVerificode.swift in Sources */,
				18294FAB25E60FAF00C44D81 /* APISession.swift in Sources */,
				18C4E19A25E8AB91004047A2 /* StateLogin.swift in Sources */,
				185296FE25DFA0930011B60E /* Date.swift in Sources */,
				18294FCE25E6273300C44D81 /* JSONDecoder.swift in Sources */,
				18E3C1A925ECC088004F368F /* ListShopViewModel.swift in Sources */,
				187A991A25F8A88E00C22B1E /* SearchTextField.swift in Sources */,
				187A994E25FB09DC00C22B1E /* ShopDeltailViewModel.swift in Sources */,
				18E3C1E625ECD7B3004F368F /* ListShopView.swift in Sources */,
				18A8237825CB8036007F129F /* WebViewStateModel.swift in Sources */,
				18E3C19825ECBC86004F368F /* Shop.swift in Sources */,
				18294FB525E6122B00C44D81 /* URLRequest.swift in Sources */,
				18BB024325E77D5100575B3D /* APIPhoneLogin.swift in Sources */,
				18E3C16125EBD9D5004F368F /* ImageLoaderObservable.swift in Sources */,
				18E3C16625EBE476004F368F /* ImageView.swift in Sources */,
				18294FB025E6100400C44D81 /* RequestBuilder.swift in Sources */,
				18E3C13025E8F2B1004F368F /* RegisterProfileViewModel.swift in Sources */,
				185297B525E3A4210011B60E /* Strings.swift in Sources */,
				18E3C21525ED5529004F368F /* ShopDetailView.swift in Sources */,
				18C4E1AA25E8AD7E004047A2 /* APIUpdateUserProfile.swift in Sources */,
				18294FBA25E6266600C44D81 /* URLSession.swift in Sources */,
				18294FE025E62BF300C44D81 /* UserDefaults.swift in Sources */,
				1820D8FE25C946380029AD4C /* Scale.swift in Sources */,
				18294FD325E6278800C44D81 /* HTTPURLResponse.swift in Sources */,
				1820D8D425C9048E0029AD4C /* Place.swift in Sources */,
			);
			runOnlyForDeploymentPostprocessing = 0;
		};
		187A158325C9019900309C02 /* Sources */ = {
			isa = PBXSourcesBuildPhase;
			buildActionMask = 2147483647;
			files = (
				187A158C25C9019900309C02 /* CoCoDesignTests.swift in Sources */,
			);
			runOnlyForDeploymentPostprocessing = 0;
		};
		187A158E25C9019900309C02 /* Sources */ = {
			isa = PBXSourcesBuildPhase;
			buildActionMask = 2147483647;
			files = (
				187A159725C9019900309C02 /* CoCoDesignUITests.swift in Sources */,
			);
			runOnlyForDeploymentPostprocessing = 0;
		};
/* End PBXSourcesBuildPhase section */

/* Begin PBXTargetDependency section */
		187A158925C9019900309C02 /* PBXTargetDependency */ = {
			isa = PBXTargetDependency;
			target = 187A157025C9019700309C02 /* CoCoDesign */;
			targetProxy = 187A158825C9019900309C02 /* PBXContainerItemProxy */;
		};
		187A159425C9019900309C02 /* PBXTargetDependency */ = {
			isa = PBXTargetDependency;
			target = 187A157025C9019700309C02 /* CoCoDesign */;
			targetProxy = 187A159325C9019900309C02 /* PBXContainerItemProxy */;
		};
/* End PBXTargetDependency section */

/* Begin PBXVariantGroup section */
		1852977D25E35C9A0011B60E /* Localizable.strings */ = {
			isa = PBXVariantGroup;
			children = (
				1852977C25E35C9A0011B60E /* en */,
				1852978725E35D360011B60E /* vi */,
			);
			name = Localizable.strings;
			sourceTree = "<group>";
		};
		187A157F25C9019800309C02 /* LaunchScreen.storyboard */ = {
			isa = PBXVariantGroup;
			children = (
				187A158025C9019800309C02 /* Base */,
				1852978625E35D360011B60E /* vi */,
			);
			name = LaunchScreen.storyboard;
			sourceTree = "<group>";
		};
/* End PBXVariantGroup section */

/* Begin XCBuildConfiguration section */
		187A159925C9019900309C02 /* Debug */ = {
			isa = XCBuildConfiguration;
			buildSettings = {
				ALWAYS_SEARCH_USER_PATHS = NO;
				CLANG_ANALYZER_LOCALIZABILITY_NONLOCALIZED = YES;
				CLANG_ANALYZER_NONNULL = YES;
				CLANG_ANALYZER_NUMBER_OBJECT_CONVERSION = YES_AGGRESSIVE;
				CLANG_CXX_LANGUAGE_STANDARD = "gnu++14";
				CLANG_CXX_LIBRARY = "libc++";
				CLANG_ENABLE_MODULES = YES;
				CLANG_ENABLE_OBJC_ARC = YES;
				CLANG_ENABLE_OBJC_WEAK = YES;
				CLANG_WARN_BLOCK_CAPTURE_AUTORELEASING = YES;
				CLANG_WARN_BOOL_CONVERSION = YES;
				CLANG_WARN_COMMA = YES;
				CLANG_WARN_CONSTANT_CONVERSION = YES;
				CLANG_WARN_DEPRECATED_OBJC_IMPLEMENTATIONS = YES;
				CLANG_WARN_DIRECT_OBJC_ISA_USAGE = YES_ERROR;
				CLANG_WARN_DOCUMENTATION_COMMENTS = YES;
				CLANG_WARN_EMPTY_BODY = YES;
				CLANG_WARN_ENUM_CONVERSION = YES;
				CLANG_WARN_INFINITE_RECURSION = YES;
				CLANG_WARN_INT_CONVERSION = YES;
				CLANG_WARN_NON_LITERAL_NULL_CONVERSION = YES;
				CLANG_WARN_OBJC_IMPLICIT_RETAIN_SELF = YES;
				CLANG_WARN_OBJC_LITERAL_CONVERSION = YES;
				CLANG_WARN_OBJC_ROOT_CLASS = YES_ERROR;
				CLANG_WARN_QUOTED_INCLUDE_IN_FRAMEWORK_HEADER = YES;
				CLANG_WARN_RANGE_LOOP_ANALYSIS = YES;
				CLANG_WARN_STRICT_PROTOTYPES = YES;
				CLANG_WARN_SUSPICIOUS_MOVE = YES;
				CLANG_WARN_UNGUARDED_AVAILABILITY = YES_AGGRESSIVE;
				CLANG_WARN_UNREACHABLE_CODE = YES;
				CLANG_WARN__DUPLICATE_METHOD_MATCH = YES;
				COPY_PHASE_STRIP = NO;
				DEBUG_INFORMATION_FORMAT = "dwarf-with-dsym";
				ENABLE_STRICT_OBJC_MSGSEND = YES;
				ENABLE_TESTABILITY = YES;
				GCC_C_LANGUAGE_STANDARD = gnu11;
				GCC_DYNAMIC_NO_PIC = NO;
				GCC_NO_COMMON_BLOCKS = YES;
				GCC_OPTIMIZATION_LEVEL = 0;
				GCC_PREPROCESSOR_DEFINITIONS = (
					"DEBUG=1",
					"$(inherited)",
				);
				GCC_WARN_64_TO_32_BIT_CONVERSION = YES;
				GCC_WARN_ABOUT_RETURN_TYPE = YES_ERROR;
				GCC_WARN_UNDECLARED_SELECTOR = YES;
				GCC_WARN_UNINITIALIZED_AUTOS = YES_AGGRESSIVE;
				GCC_WARN_UNUSED_FUNCTION = YES;
				GCC_WARN_UNUSED_VARIABLE = YES;
				IPHONEOS_DEPLOYMENT_TARGET = 14.1;
				MTL_ENABLE_DEBUG_INFO = INCLUDE_SOURCE;
				MTL_FAST_MATH = YES;
				NEW_SETTING = "";
				ONLY_ACTIVE_ARCH = YES;
				SDKROOT = iphoneos;
				SWIFT_ACTIVE_COMPILATION_CONDITIONS = DEBUG;
				SWIFT_OPTIMIZATION_LEVEL = "-Onone";
			};
			name = Debug;
		};
		187A159A25C9019900309C02 /* Release */ = {
			isa = XCBuildConfiguration;
			buildSettings = {
				ALWAYS_SEARCH_USER_PATHS = NO;
				CLANG_ANALYZER_LOCALIZABILITY_NONLOCALIZED = YES;
				CLANG_ANALYZER_NONNULL = YES;
				CLANG_ANALYZER_NUMBER_OBJECT_CONVERSION = YES_AGGRESSIVE;
				CLANG_CXX_LANGUAGE_STANDARD = "gnu++14";
				CLANG_CXX_LIBRARY = "libc++";
				CLANG_ENABLE_MODULES = YES;
				CLANG_ENABLE_OBJC_ARC = YES;
				CLANG_ENABLE_OBJC_WEAK = YES;
				CLANG_WARN_BLOCK_CAPTURE_AUTORELEASING = YES;
				CLANG_WARN_BOOL_CONVERSION = YES;
				CLANG_WARN_COMMA = YES;
				CLANG_WARN_CONSTANT_CONVERSION = YES;
				CLANG_WARN_DEPRECATED_OBJC_IMPLEMENTATIONS = YES;
				CLANG_WARN_DIRECT_OBJC_ISA_USAGE = YES_ERROR;
				CLANG_WARN_DOCUMENTATION_COMMENTS = YES;
				CLANG_WARN_EMPTY_BODY = YES;
				CLANG_WARN_ENUM_CONVERSION = YES;
				CLANG_WARN_INFINITE_RECURSION = YES;
				CLANG_WARN_INT_CONVERSION = YES;
				CLANG_WARN_NON_LITERAL_NULL_CONVERSION = YES;
				CLANG_WARN_OBJC_IMPLICIT_RETAIN_SELF = YES;
				CLANG_WARN_OBJC_LITERAL_CONVERSION = YES;
				CLANG_WARN_OBJC_ROOT_CLASS = YES_ERROR;
				CLANG_WARN_QUOTED_INCLUDE_IN_FRAMEWORK_HEADER = YES;
				CLANG_WARN_RANGE_LOOP_ANALYSIS = YES;
				CLANG_WARN_STRICT_PROTOTYPES = YES;
				CLANG_WARN_SUSPICIOUS_MOVE = YES;
				CLANG_WARN_UNGUARDED_AVAILABILITY = YES_AGGRESSIVE;
				CLANG_WARN_UNREACHABLE_CODE = YES;
				CLANG_WARN__DUPLICATE_METHOD_MATCH = YES;
				COPY_PHASE_STRIP = NO;
				DEBUG_INFORMATION_FORMAT = "dwarf-with-dsym";
				ENABLE_NS_ASSERTIONS = NO;
				ENABLE_STRICT_OBJC_MSGSEND = YES;
				GCC_C_LANGUAGE_STANDARD = gnu11;
				GCC_NO_COMMON_BLOCKS = YES;
				GCC_WARN_64_TO_32_BIT_CONVERSION = YES;
				GCC_WARN_ABOUT_RETURN_TYPE = YES_ERROR;
				GCC_WARN_UNDECLARED_SELECTOR = YES;
				GCC_WARN_UNINITIALIZED_AUTOS = YES_AGGRESSIVE;
				GCC_WARN_UNUSED_FUNCTION = YES;
				GCC_WARN_UNUSED_VARIABLE = YES;
				IPHONEOS_DEPLOYMENT_TARGET = 14.1;
				MTL_ENABLE_DEBUG_INFO = NO;
				MTL_FAST_MATH = YES;
				NEW_SETTING = "";
				SDKROOT = iphoneos;
				SWIFT_COMPILATION_MODE = wholemodule;
				SWIFT_OPTIMIZATION_LEVEL = "-O";
				VALIDATE_PRODUCT = YES;
			};
			name = Release;
		};
		187A159C25C9019900309C02 /* Debug */ = {
			isa = XCBuildConfiguration;
			baseConfigurationReference = 1E655486D7FB0F801A90B839 /* Pods-CoCoDesign.debug.xcconfig */;
			buildSettings = {
				ASSETCATALOG_COMPILER_APPICON_NAME = AppIcon;
				ASSETCATALOG_COMPILER_GLOBAL_ACCENT_COLOR_NAME = AccentColor;
				CODE_SIGN_ENTITLEMENTS = CoCoDesign/CoCoDesignDebug.entitlements;
				CODE_SIGN_IDENTITY = "iPhone Developer";
				CODE_SIGN_STYLE = Manual;
				DEVELOPMENT_ASSET_PATHS = "\"CoCoDesign/Preview Content\"";
				DEVELOPMENT_TEAM = P3NCHL3A68;
				ENABLE_PREVIEWS = YES;
				INFOPLIST_FILE = CoCoDesign/Target/Info.plist;
				LD_RUNPATH_SEARCH_PATHS = (
					"$(inherited)",
					"@executable_path/Frameworks",
				);
				PRODUCT_BUNDLE_IDENTIFIER = coco.user.dev;
				PRODUCT_NAME = "$(TARGET_NAME)";
				PROVISIONING_PROFILE_SPECIFIER = "COCO User app dev";
				SWIFT_VERSION = 5.0;
				TARGETED_DEVICE_FAMILY = "1,2";
			};
			name = Debug;
		};
		187A159D25C9019900309C02 /* Release */ = {
			isa = XCBuildConfiguration;
			baseConfigurationReference = F4C3014A23D8D534E4E905A0 /* Pods-CoCoDesign.release.xcconfig */;
			buildSettings = {
				ASSETCATALOG_COMPILER_APPICON_NAME = AppIcon;
				ASSETCATALOG_COMPILER_GLOBAL_ACCENT_COLOR_NAME = AccentColor;
				CODE_SIGN_ENTITLEMENTS = "";
				CODE_SIGN_IDENTITY = "iPhone Distribution";
				CODE_SIGN_STYLE = Manual;
				DEVELOPMENT_ASSET_PATHS = "\"CoCoDesign/Preview Content\"";
				DEVELOPMENT_TEAM = P3NCHL3A68;
				ENABLE_PREVIEWS = YES;
				INFOPLIST_FILE = CoCoDesign/Target/Info.plist;
				LD_RUNPATH_SEARCH_PATHS = (
					"$(inherited)",
					"@executable_path/Frameworks",
				);
				PRODUCT_BUNDLE_IDENTIFIER = coco.user.release;
				PRODUCT_NAME = "$(TARGET_NAME)";
				PROVISIONING_PROFILE_SPECIFIER = "COCO User app release";
				SWIFT_VERSION = 5.0;
				TARGETED_DEVICE_FAMILY = "1,2";
			};
			name = Release;
		};
		187A159F25C9019900309C02 /* Debug */ = {
			isa = XCBuildConfiguration;
			baseConfigurationReference = 5750B80117127D7584E4E756 /* Pods-CoCoDesignTests.debug.xcconfig */;
			buildSettings = {
				ALWAYS_EMBED_SWIFT_STANDARD_LIBRARIES = YES;
				BUNDLE_LOADER = "$(TEST_HOST)";
				CODE_SIGN_STYLE = Automatic;
				INFOPLIST_FILE = CoCoDesignTests/Info.plist;
				IPHONEOS_DEPLOYMENT_TARGET = 14.2;
				LD_RUNPATH_SEARCH_PATHS = (
					"$(inherited)",
					"@executable_path/Frameworks",
					"@loader_path/Frameworks",
				);
				PRODUCT_BUNDLE_IDENTIFIER = tomosia.CoCoDesignTests;
				PRODUCT_NAME = "$(TARGET_NAME)";
				SWIFT_VERSION = 5.0;
				TARGETED_DEVICE_FAMILY = "1,2";
				TEST_HOST = "$(BUILT_PRODUCTS_DIR)/CoCoDesign.app/CoCoDesign";
			};
			name = Debug;
		};
		187A15A025C9019900309C02 /* Release */ = {
			isa = XCBuildConfiguration;
			baseConfigurationReference = 71DFE69F3827D1F5B7FD2225 /* Pods-CoCoDesignTests.release.xcconfig */;
			buildSettings = {
				ALWAYS_EMBED_SWIFT_STANDARD_LIBRARIES = YES;
				BUNDLE_LOADER = "$(TEST_HOST)";
				CODE_SIGN_STYLE = Automatic;
				INFOPLIST_FILE = CoCoDesignTests/Info.plist;
				IPHONEOS_DEPLOYMENT_TARGET = 14.2;
				LD_RUNPATH_SEARCH_PATHS = (
					"$(inherited)",
					"@executable_path/Frameworks",
					"@loader_path/Frameworks",
				);
				PRODUCT_BUNDLE_IDENTIFIER = tomosia.CoCoDesignTests;
				PRODUCT_NAME = "$(TARGET_NAME)";
				SWIFT_VERSION = 5.0;
				TARGETED_DEVICE_FAMILY = "1,2";
				TEST_HOST = "$(BUILT_PRODUCTS_DIR)/CoCoDesign.app/CoCoDesign";
			};
			name = Release;
		};
		187A15A225C9019900309C02 /* Debug */ = {
			isa = XCBuildConfiguration;
			baseConfigurationReference = 013A7451516A2ABBC6E67D50 /* Pods-CoCoDesign-CoCoDesignUITests.debug.xcconfig */;
			buildSettings = {
				ALWAYS_EMBED_SWIFT_STANDARD_LIBRARIES = YES;
				CODE_SIGN_STYLE = Automatic;
				INFOPLIST_FILE = CoCoDesignUITests/Info.plist;
				LD_RUNPATH_SEARCH_PATHS = (
					"$(inherited)",
					"@executable_path/Frameworks",
					"@loader_path/Frameworks",
				);
				PRODUCT_BUNDLE_IDENTIFIER = tomosia.CoCoDesignUITests;
				PRODUCT_NAME = "$(TARGET_NAME)";
				SWIFT_VERSION = 5.0;
				TARGETED_DEVICE_FAMILY = "1,2";
				TEST_TARGET_NAME = CoCoDesign;
			};
			name = Debug;
		};
		187A15A325C9019900309C02 /* Release */ = {
			isa = XCBuildConfiguration;
			baseConfigurationReference = 72D5B84199842DF897EB7FC5 /* Pods-CoCoDesign-CoCoDesignUITests.release.xcconfig */;
			buildSettings = {
				ALWAYS_EMBED_SWIFT_STANDARD_LIBRARIES = YES;
				CODE_SIGN_STYLE = Automatic;
				INFOPLIST_FILE = CoCoDesignUITests/Info.plist;
				LD_RUNPATH_SEARCH_PATHS = (
					"$(inherited)",
					"@executable_path/Frameworks",
					"@loader_path/Frameworks",
				);
				PRODUCT_BUNDLE_IDENTIFIER = tomosia.CoCoDesignUITests;
				PRODUCT_NAME = "$(TARGET_NAME)";
				SWIFT_VERSION = 5.0;
				TARGETED_DEVICE_FAMILY = "1,2";
				TEST_TARGET_NAME = CoCoDesign;
			};
			name = Release;
		};
/* End XCBuildConfiguration section */

/* Begin XCConfigurationList section */
		187A156C25C9019700309C02 /* Build configuration list for PBXProject "CoCoDesign" */ = {
			isa = XCConfigurationList;
			buildConfigurations = (
				187A159925C9019900309C02 /* Debug */,
				187A159A25C9019900309C02 /* Release */,
			);
			defaultConfigurationIsVisible = 0;
			defaultConfigurationName = Release;
		};
		187A159B25C9019900309C02 /* Build configuration list for PBXNativeTarget "CoCoDesign" */ = {
			isa = XCConfigurationList;
			buildConfigurations = (
				187A159C25C9019900309C02 /* Debug */,
				187A159D25C9019900309C02 /* Release */,
			);
			defaultConfigurationIsVisible = 0;
			defaultConfigurationName = Release;
		};
		187A159E25C9019900309C02 /* Build configuration list for PBXNativeTarget "CoCoDesignTests" */ = {
			isa = XCConfigurationList;
			buildConfigurations = (
				187A159F25C9019900309C02 /* Debug */,
				187A15A025C9019900309C02 /* Release */,
			);
			defaultConfigurationIsVisible = 0;
			defaultConfigurationName = Release;
		};
		187A15A125C9019900309C02 /* Build configuration list for PBXNativeTarget "CoCoDesignUITests" */ = {
			isa = XCConfigurationList;
			buildConfigurations = (
				187A15A225C9019900309C02 /* Debug */,
				187A15A325C9019900309C02 /* Release */,
			);
			defaultConfigurationIsVisible = 0;
			defaultConfigurationName = Release;
		};
/* End XCConfigurationList section */
	};
	rootObject = 187A156925C9019700309C02 /* Project object */;
}
